
Microsoft Visual Studio Solution File, Format Version 12.00
# Visual Studio 2013
VisualStudioVersion = 12.0.31101.0
MinimumVisualStudioVersion = 10.0.40219.1
Project("{2150E333-8FDC-42A3-9474-1A3956D46DE8}") = "MVC", "MVC", "{1BCFF9B5-B332-4318-AB41-A9A5D9AF8402}"
EndProject
Project("{2150E333-8FDC-42A3-9474-1A3956D46DE8}") = "Services", "Services", "{1520BC91-A3EB-41F5-B3EF-8265A5375ED3}"
EndProject
Project("{2150E333-8FDC-42A3-9474-1A3956D46DE8}") = "DataBase", "DataBase", "{65394CCE-F98D-444B-9D28-4BF5FBD10DDC}"
EndProject
Project("{2150E333-8FDC-42A3-9474-1A3956D46DE8}") = "Models", "Models", "{90D779DE-F514-454F-98CC-7CD8E8451004}"
EndProject
Project("{2150E333-8FDC-42A3-9474-1A3956D46DE8}") = "Service.WebApi", "Service.WebApi", "{1DD0285E-B76B-4B43-B3E2-F8E576FF07A6}"
EndProject
Project("{FAE04EC0-301F-11D3-BF4B-00C04F79EFBC}") = "AcessoCard.UI.MVC", "AcessoCard.UI.MVC\AcessoCard.UI.MVC.csproj", "{E15AD3CA-57C8-46D1-8BF0-85A07CE71F35}"
EndProject
Project("{FAE04EC0-301F-11D3-BF4B-00C04F79EFBC}") = "AcessoCard.Models", "AcessoCard.Models\AcessoCard.Models.csproj", "{60A4D992-97C1-42B2-A7F9-7DDF439F6D34}"
EndProject
Project("{2150E333-8FDC-42A3-9474-1A3956D46DE8}") = "Business", "Business", "{EC4D145D-248C-430D-B14E-956FAAD124BF}"
EndProject
Project("{FAE04EC0-301F-11D3-BF4B-00C04F79EFBC}") = "AcessoCard.Business", "AcessoCard.Business\AcessoCard.Business.csproj", "{6BCD8B3D-435F-4339-A584-6389EBF85041}"
EndProject
Project("{2150E333-8FDC-42A3-9474-1A3956D46DE8}") = "Domain", "Domain", "{A90518D0-AEDA-4AA6-98AA-53348E751250}"
EndProject
Project("{2150E333-8FDC-42A3-9474-1A3956D46DE8}") = "Repository", "Repository", "{88D2FE78-51F4-4B4E-B0E1-A7FEC38BF14B}"
EndProject
Project("{FAE04EC0-301F-11D3-BF4B-00C04F79EFBC}") = "AcessoCard.Service.WebApi", "AcessoCard.Service.WebApi\AcessoCard.Service.WebApi.csproj", "{A4A394B1-1431-4DAA-A6FD-4F1ADFC9DFE0}"
EndProject
Project("{FAE04EC0-301F-11D3-BF4B-00C04F79EFBC}") = "AcessoCard.DataBase", "AcessoCard.DataBase\AcessoCard.DataBase.csproj", "{52EDACD9-F5FA-4E6C-8DF8-5563DD889D1F}"
EndProject
Project("{FAE04EC0-301F-11D3-BF4B-00C04F79EFBC}") = "AcessoCard.Repository", "AcessoCard.Repository\AcessoCard.Repository.csproj", "{37CABFAB-2EDD-4F5D-AC4F-F9CF45396FF9}"
EndProject
Project("{2150E333-8FDC-42A3-9474-1A3956D46DE8}") = "Common", "Common", "{DF8728BE-04C8-4296-8621-ED48C95070C5}"
EndProject
Project("{FAE04EC0-301F-11D3-BF4B-00C04F79EFBC}") = "AcessoCard.Common", "AcessoCard.Common\AcessoCard.Common.csproj", "{7EE62F7B-D872-4F03-A8A8-029612ADEDDB}"
EndProject
Global
	GlobalSection(TeamFoundationVersionControl) = preSolution
		SccNumberOfProjects = 8
		SccEnterpriseProvider = {4CA58AB2-18FA-4F8D-95D4-32DDF27D184C}
		SccTeamFoundationServer = https://acessocardproject.visualstudio.com/defaultcollection
		SccLocalPath0 = .
		SccProjectUniqueName1 = AcessoCard.Business\\AcessoCard.Business.csproj
		SccProjectTopLevelParentUniqueName1 = AcessoCard.sln
		SccProjectName1 = AcessoCard.Business
		SccLocalPath1 = AcessoCard.Business
		SccProjectUniqueName2 = AcessoCard.DataBase\\AcessoCard.DataBase.csproj
		SccProjectTopLevelParentUniqueName2 = AcessoCard.sln
		SccProjectName2 = AcessoCard.DataBase
		SccLocalPath2 = AcessoCard.DataBase
		SccProjectUniqueName3 = AcessoCard.Models\\AcessoCard.Models.csproj
		SccProjectTopLevelParentUniqueName3 = AcessoCard.sln
		SccProjectName3 = AcessoCard.Models
		SccLocalPath3 = AcessoCard.Models
		SccProjectUniqueName4 = AcessoCard.Service.WebApi\\AcessoCard.Service.WebApi.csproj
		SccProjectTopLevelParentUniqueName4 = AcessoCard.sln
		SccProjectName4 = AcessoCard.Service.WebApi
		SccLocalPath4 = AcessoCard.Service.WebApi
		SccProjectUniqueName5 = AcessoCard.UI.MVC\\AcessoCard.UI.MVC.csproj
		SccProjectTopLevelParentUniqueName5 = AcessoCard.sln
		SccProjectName5 = AcessoCard.UI.MVC
		SccLocalPath5 = AcessoCard.UI.MVC
		SccProjectUniqueName6 = AcessoCard.Repository\\AcessoCard.Repository.csproj
		SccProjectTopLevelParentUniqueName6 = AcessoCard.sln
		SccProjectName6 = AcessoCard.Repository
		SccLocalPath6 = AcessoCard.Repository
		SccProjectUniqueName7 = AcessoCard.Common\\AcessoCard.Common.csproj
		SccProjectTopLevelParentUniqueName7 = AcessoCard.sln
		SccProjectName7 = AcessoCard.Common
		SccLocalPath7 = AcessoCard.Common
	EndGlobalSection
	GlobalSection(SolutionConfigurationPlatforms) = preSolution
		Debug|Any CPU = Debug|Any CPU
		Release|Any CPU = Release|Any CPU
	EndGlobalSection
	GlobalSection(ProjectConfigurationPlatforms) = postSolution
		{E15AD3CA-57C8-46D1-8BF0-85A07CE71F35}.Debug|Any CPU.ActiveCfg = Debug|Any CPU
		{E15AD3CA-57C8-46D1-8BF0-85A07CE71F35}.Debug|Any CPU.Build.0 = Debug|Any CPU
		{E15AD3CA-57C8-46D1-8BF0-85A07CE71F35}.Release|Any CPU.ActiveCfg = Release|Any CPU
		{E15AD3CA-57C8-46D1-8BF0-85A07CE71F35}.Release|Any CPU.Build.0 = Release|Any CPU
		{60A4D992-97C1-42B2-A7F9-7DDF439F6D34}.Debug|Any CPU.ActiveCfg = Debug|Any CPU
		{60A4D992-97C1-42B2-A7F9-7DDF439F6D34}.Debug|Any CPU.Build.0 = Debug|Any CPU
		{60A4D992-97C1-42B2-A7F9-7DDF439F6D34}.Release|Any CPU.ActiveCfg = Release|Any CPU
		{60A4D992-97C1-42B2-A7F9-7DDF439F6D34}.Release|Any CPU.Build.0 = Release|Any CPU
		{6BCD8B3D-435F-4339-A584-6389EBF85041}.Debug|Any CPU.ActiveCfg = Debug|Any CPU
		{6BCD8B3D-435F-4339-A584-6389EBF85041}.Debug|Any CPU.Build.0 = Debug|Any CPU
		{6BCD8B3D-435F-4339-A584-6389EBF85041}.Release|Any CPU.ActiveCfg = Release|Any CPU
		{6BCD8B3D-435F-4339-A584-6389EBF85041}.Release|Any CPU.Build.0 = Release|Any CPU
		{A4A394B1-1431-4DAA-A6FD-4F1ADFC9DFE0}.Debug|Any CPU.ActiveCfg = Debug|Any CPU
		{A4A394B1-1431-4DAA-A6FD-4F1ADFC9DFE0}.Debug|Any CPU.Build.0 = Debug|Any CPU
		{A4A394B1-1431-4DAA-A6FD-4F1ADFC9DFE0}.Release|Any CPU.ActiveCfg = Release|Any CPU
		{A4A394B1-1431-4DAA-A6FD-4F1ADFC9DFE0}.Release|Any CPU.Build.0 = Release|Any CPU
		{52EDACD9-F5FA-4E6C-8DF8-5563DD889D1F}.Debug|Any CPU.ActiveCfg = Debug|Any CPU
		{52EDACD9-F5FA-4E6C-8DF8-5563DD889D1F}.Debug|Any CPU.Build.0 = Debug|Any CPU
		{52EDACD9-F5FA-4E6C-8DF8-5563DD889D1F}.Release|Any CPU.ActiveCfg = Release|Any CPU
		{52EDACD9-F5FA-4E6C-8DF8-5563DD889D1F}.Release|Any CPU.Build.0 = Release|Any CPU
		{37CABFAB-2EDD-4F5D-AC4F-F9CF45396FF9}.Debug|Any CPU.ActiveCfg = Debug|Any CPU
		{37CABFAB-2EDD-4F5D-AC4F-F9CF45396FF9}.Debug|Any CPU.Build.0 = Debug|Any CPU
		{37CABFAB-2EDD-4F5D-AC4F-F9CF45396FF9}.Release|Any CPU.ActiveCfg = Release|Any CPU
		{37CABFAB-2EDD-4F5D-AC4F-F9CF45396FF9}.Release|Any CPU.Build.0 = Release|Any CPU
		{7EE62F7B-D872-4F03-A8A8-029612ADEDDB}.Debug|Any CPU.ActiveCfg = Debug|Any CPU
		{7EE62F7B-D872-4F03-A8A8-029612ADEDDB}.Debug|Any CPU.Build.0 = Debug|Any CPU
		{7EE62F7B-D872-4F03-A8A8-029612ADEDDB}.Release|Any CPU.ActiveCfg = Release|Any CPU
		{7EE62F7B-D872-4F03-A8A8-029612ADEDDB}.Release|Any CPU.Build.0 = Release|Any CPU
	EndGlobalSection
	GlobalSection(SolutionProperties) = preSolution
		HideSolutionNode = FALSE
	EndGlobalSection
	GlobalSection(NestedProjects) = preSolution
		{90D779DE-F514-454F-98CC-7CD8E8451004} = {A90518D0-AEDA-4AA6-98AA-53348E751250}
		{1DD0285E-B76B-4B43-B3E2-F8E576FF07A6} = {1520BC91-A3EB-41F5-B3EF-8265A5375ED3}
		{E15AD3CA-57C8-46D1-8BF0-85A07CE71F35} = {1BCFF9B5-B332-4318-AB41-A9A5D9AF8402}
		{60A4D992-97C1-42B2-A7F9-7DDF439F6D34} = {90D779DE-F514-454F-98CC-7CD8E8451004}
		{EC4D145D-248C-430D-B14E-956FAAD124BF} = {A90518D0-AEDA-4AA6-98AA-53348E751250}
		{6BCD8B3D-435F-4339-A584-6389EBF85041} = {EC4D145D-248C-430D-B14E-956FAAD124BF}
		{A90518D0-AEDA-4AA6-98AA-53348E751250} = {1520BC91-A3EB-41F5-B3EF-8265A5375ED3}
		{88D2FE78-51F4-4B4E-B0E1-A7FEC38BF14B} = {A90518D0-AEDA-4AA6-98AA-53348E751250}
		{A4A394B1-1431-4DAA-A6FD-4F1ADFC9DFE0} = {1DD0285E-B76B-4B43-B3E2-F8E576FF07A6}
		{52EDACD9-F5FA-4E6C-8DF8-5563DD889D1F} = {65394CCE-F98D-444B-9D28-4BF5FBD10DDC}
		{37CABFAB-2EDD-4F5D-AC4F-F9CF45396FF9} = {88D2FE78-51F4-4B4E-B0E1-A7FEC38BF14B}
		{DF8728BE-04C8-4296-8621-ED48C95070C5} = {A90518D0-AEDA-4AA6-98AA-53348E751250}
		{7EE62F7B-D872-4F03-A8A8-029612ADEDDB} = {DF8728BE-04C8-4296-8621-ED48C95070C5}
	EndGlobalSection
EndGlobal
